
Microsoft Visual Studio Solution File, Format Version 12.00
Project("{FAE04EC0-301F-11D3-BF4B-00C04F79EFBC}") = "CensusRx", "CensusRx\CensusRx.csproj", "{74E7EB46-69E6-4E72-8304-D78316995F46}"
EndProject
Project("{FAE04EC0-301F-11D3-BF4B-00C04F79EFBC}") = "CensusRx.WPF", "CensusRx.WPF\CensusRx.WPF.csproj", "{3EFF4483-97EB-4C54-BEF1-B428D2DE6808}"
EndProject
Project("{FAE04EC0-301F-11D3-BF4B-00C04F79EFBC}") = "TestRx", "TestRx\TestRx.csproj", "{6DD24138-84A2-4E19-98B7-8E6773FBAD90}"
EndProject
Project("{FAE04EC0-301F-11D3-BF4B-00C04F79EFBC}") = "TestRx.Test", "TestRx.Test\TestRx.Test.csproj", "{2FA9E5E9-D162-4DCB-8CAE-77C5141B072C}"
EndProject
Project("{FAE04EC0-301F-11D3-BF4B-00C04F79EFBC}") = "CensusRx.Services", "CensusRx.Services\CensusRx.Services.csproj", "{481CB0D5-159A-4C14-9231-925B3B4EFD90}"
EndProject
Project("{FAE04EC0-301F-11D3-BF4B-00C04F79EFBC}") = "CensusRx.Test", "CensusRx.Test\CensusRx.Test.csproj", "{1CBD1A00-D065-44CE-AFA2-C659D2E34117}"
EndProject
Project("{FAE04EC0-301F-11D3-BF4B-00C04F79EFBC}") = "CensusRx.WPF.Common", "CensusRx.WPF.Common\CensusRx.WPF.Common.csproj", "{F72D7637-A27C-46B4-A573-D7323D3C4A7C}"
EndProject
Project("{FAE04EC0-301F-11D3-BF4B-00C04F79EFBC}") = "CensusRx.EventStream", "CensusRx.EventStream\CensusRx.EventStream.csproj", "{C8DC8397-DB0C-406A-814A-A4ED4327B137}"
EndProject
Project("{FAE04EC0-301F-11D3-BF4B-00C04F79EFBC}") = "CensusRx.EventStream.WPF", "CensusRx.EventStream.WPF\CensusRx.EventStream.WPF.csproj", "{D49FD8D7-02FB-41CE-B47D-1E040BCF0D79}"
EndProject
Global
	GlobalSection(SolutionConfigurationPlatforms) = preSolution
		Debug|Any CPU = Debug|Any CPU
		Release|Any CPU = Release|Any CPU
	EndGlobalSection
	GlobalSection(ProjectConfigurationPlatforms) = postSolution
		{74E7EB46-69E6-4E72-8304-D78316995F46}.Debug|Any CPU.ActiveCfg = Debug|Any CPU
		{74E7EB46-69E6-4E72-8304-D78316995F46}.Debug|Any CPU.Build.0 = Debug|Any CPU
		{74E7EB46-69E6-4E72-8304-D78316995F46}.Release|Any CPU.ActiveCfg = Release|Any CPU
		{74E7EB46-69E6-4E72-8304-D78316995F46}.Release|Any CPU.Build.0 = Release|Any CPU
		{3EFF4483-97EB-4C54-BEF1-B428D2DE6808}.Debug|Any CPU.ActiveCfg = Debug|Any CPU
		{3EFF4483-97EB-4C54-BEF1-B428D2DE6808}.Debug|Any CPU.Build.0 = Debug|Any CPU
		{3EFF4483-97EB-4C54-BEF1-B428D2DE6808}.Release|Any CPU.ActiveCfg = Release|Any CPU
		{3EFF4483-97EB-4C54-BEF1-B428D2DE6808}.Release|Any CPU.Build.0 = Release|Any CPU
		{6DD24138-84A2-4E19-98B7-8E6773FBAD90}.Debug|Any CPU.ActiveCfg = Debug|Any CPU
		{6DD24138-84A2-4E19-98B7-8E6773FBAD90}.Debug|Any CPU.Build.0 = Debug|Any CPU
		{6DD24138-84A2-4E19-98B7-8E6773FBAD90}.Release|Any CPU.ActiveCfg = Release|Any CPU
		{6DD24138-84A2-4E19-98B7-8E6773FBAD90}.Release|Any CPU.Build.0 = Release|Any CPU
		{2FA9E5E9-D162-4DCB-8CAE-77C5141B072C}.Debug|Any CPU.ActiveCfg = Debug|Any CPU
		{2FA9E5E9-D162-4DCB-8CAE-77C5141B072C}.Debug|Any CPU.Build.0 = Debug|Any CPU
		{2FA9E5E9-D162-4DCB-8CAE-77C5141B072C}.Release|Any CPU.ActiveCfg = Release|Any CPU
		{2FA9E5E9-D162-4DCB-8CAE-77C5141B072C}.Release|Any CPU.Build.0 = Release|Any CPU
		{481CB0D5-159A-4C14-9231-925B3B4EFD90}.Debug|Any CPU.ActiveCfg = Debug|Any CPU
		{481CB0D5-159A-4C14-9231-925B3B4EFD90}.Debug|Any CPU.Build.0 = Debug|Any CPU
		{481CB0D5-159A-4C14-9231-925B3B4EFD90}.Release|Any CPU.ActiveCfg = Release|Any CPU
		{481CB0D5-159A-4C14-9231-925B3B4EFD90}.Release|Any CPU.Build.0 = Release|Any CPU
		{1CBD1A00-D065-44CE-AFA2-C659D2E34117}.Debug|Any CPU.ActiveCfg = Debug|Any CPU
		{1CBD1A00-D065-44CE-AFA2-C659D2E34117}.Debug|Any CPU.Build.0 = Debug|Any CPU
		{1CBD1A00-D065-44CE-AFA2-C659D2E34117}.Release|Any CPU.ActiveCfg = Release|Any CPU
		{1CBD1A00-D065-44CE-AFA2-C659D2E34117}.Release|Any CPU.Build.0 = Release|Any CPU
		{F72D7637-A27C-46B4-A573-D7323D3C4A7C}.Debug|Any CPU.ActiveCfg = Debug|Any CPU
		{F72D7637-A27C-46B4-A573-D7323D3C4A7C}.Debug|Any CPU.Build.0 = Debug|Any CPU
		{F72D7637-A27C-46B4-A573-D7323D3C4A7C}.Release|Any CPU.ActiveCfg = Release|Any CPU
		{F72D7637-A27C-46B4-A573-D7323D3C4A7C}.Release|Any CPU.Build.0 = Release|Any CPU
		{C8DC8397-DB0C-406A-814A-A4ED4327B137}.Debug|Any CPU.ActiveCfg = Debug|Any CPU
		{C8DC8397-DB0C-406A-814A-A4ED4327B137}.Debug|Any CPU.Build.0 = Debug|Any CPU
		{C8DC8397-DB0C-406A-814A-A4ED4327B137}.Release|Any CPU.ActiveCfg = Release|Any CPU
		{C8DC8397-DB0C-406A-814A-A4ED4327B137}.Release|Any CPU.Build.0 = Release|Any CPU
		{D49FD8D7-02FB-41CE-B47D-1E040BCF0D79}.Debug|Any CPU.ActiveCfg = Debug|Any CPU
		{D49FD8D7-02FB-41CE-B47D-1E040BCF0D79}.Debug|Any CPU.Build.0 = Debug|Any CPU
		{D49FD8D7-02FB-41CE-B47D-1E040BCF0D79}.Release|Any CPU.ActiveCfg = Release|Any CPU
		{D49FD8D7-02FB-41CE-B47D-1E040BCF0D79}.Release|Any CPU.Build.0 = Release|Any CPU
	EndGlobalSection
EndGlobal
